
Microsoft Visual Studio Solution File, Format Version 12.00
# Visual Studio 15
VisualStudioVersion = 15.0.28307.329
MinimumVisualStudioVersion = 10.0.40219.1
Project("{888888A0-9F3D-457C-B088-3A5042F75D52}") = "Benjamin", "Benjamin\Benjamin.pyproj", "{3044D390-F4AD-4361-ABA0-BF59AF40232C}"
EndProject
Global
	GlobalSection(SolutionConfigurationPlatforms) = preSolution
		Debug|Any CPU = Debug|Any CPU
		Release|Any CPU = Release|Any CPU
	EndGlobalSection
	GlobalSection(ProjectConfigurationPlatforms) = postSolution
		{3044D390-F4AD-4361-ABA0-BF59AF40232C}.Debug|Any CPU.ActiveCfg = Debug|Any CPU
		{3044D390-F4AD-4361-ABA0-BF59AF40232C}.Release|Any CPU.ActiveCfg = Release|Any CPU
	EndGlobalSection
	GlobalSection(SolutionProperties) = preSolution
		HideSolutionNode = FALSE
	EndGlobalSection
	GlobalSection(ExtensibilityGlobals) = postSolution
		SolutionGuid = {75828C7F-9308-47DF-8351-ADB7F573E701}
	EndGlobalSection
EndGlobal
